
Microsoft Visual Studio Solution File, Format Version 12.00
# Visual Studio 14
VisualStudioVersion = 14.0.23107.0
MinimumVisualStudioVersion = 10.0.40219.1
Project("{FAE04EC0-301F-11D3-BF4B-00C04F79EFBC}") = "TourAgency", "TourAgency\TourAgency.csproj", "{4DFCEDD1-CF4E-40C9-A00B-72BC30B9FAEB}"
EndProject
Project("{FAE04EC0-301F-11D3-BF4B-00C04F79EFBC}") = "TourAgency.Tests", "TourAgency.Tests\TourAgency.Tests.csproj", "{8EFAC95B-BB76-4F0B-B708-8FDD79CA6B0A}"
EndProject
Global
	GlobalSection(SolutionConfigurationPlatforms) = preSolution
		Debug|Any CPU = Debug|Any CPU
		Release|Any CPU = Release|Any CPU
	EndGlobalSection
	GlobalSection(ProjectConfigurationPlatforms) = postSolution
		{4DFCEDD1-CF4E-40C9-A00B-72BC30B9FAEB}.Debug|Any CPU.ActiveCfg = Debug|Any CPU
		{4DFCEDD1-CF4E-40C9-A00B-72BC30B9FAEB}.Debug|Any CPU.Build.0 = Debug|Any CPU
		{4DFCEDD1-CF4E-40C9-A00B-72BC30B9FAEB}.Release|Any CPU.ActiveCfg = Release|Any CPU
		{4DFCEDD1-CF4E-40C9-A00B-72BC30B9FAEB}.Release|Any CPU.Build.0 = Release|Any CPU
		{8EFAC95B-BB76-4F0B-B708-8FDD79CA6B0A}.Debug|Any CPU.ActiveCfg = Debug|Any CPU
		{8EFAC95B-BB76-4F0B-B708-8FDD79CA6B0A}.Debug|Any CPU.Build.0 = Debug|Any CPU
		{8EFAC95B-BB76-4F0B-B708-8FDD79CA6B0A}.Release|Any CPU.ActiveCfg = Release|Any CPU
		{8EFAC95B-BB76-4F0B-B708-8FDD79CA6B0A}.Release|Any CPU.Build.0 = Release|Any CPU
	EndGlobalSection
	GlobalSection(SolutionProperties) = preSolution
		HideSolutionNode = FALSE
	EndGlobalSection
EndGlobal
